
Microsoft Visual Studio Solution File, Format Version 12.00
# Visual Studio Version 16
VisualStudioVersion = 16.0.29911.84
MinimumVisualStudioVersion = 10.0.40219.1
Project("{FAE04EC0-301F-11D3-BF4B-00C04F79EFBC}") = "File_Transfer_System", "File_Transfer_System.csproj", "{7EC74227-D7F1-4F54-9398-8413E61F989A}"
EndProject
Global
	GlobalSection(SolutionConfigurationPlatforms) = preSolution
		Debug|Any CPU = Debug|Any CPU
		Release|Any CPU = Release|Any CPU
	EndGlobalSection
	GlobalSection(ProjectConfigurationPlatforms) = postSolution
		{7EC74227-D7F1-4F54-9398-8413E61F989A}.Debug|Any CPU.ActiveCfg = Debug|Any CPU
		{7EC74227-D7F1-4F54-9398-8413E61F989A}.Debug|Any CPU.Build.0 = Debug|Any CPU
		{7EC74227-D7F1-4F54-9398-8413E61F989A}.Release|Any CPU.ActiveCfg = Release|Any CPU
		{7EC74227-D7F1-4F54-9398-8413E61F989A}.Release|Any CPU.Build.0 = Release|Any CPU
	EndGlobalSection
	GlobalSection(SolutionProperties) = preSolution
		HideSolutionNode = FALSE
	EndGlobalSection
	GlobalSection(ExtensibilityGlobals) = postSolution
		SolutionGuid = {C2CC028C-9554-43C4-98EB-6BE3CBAAD751}
	EndGlobalSection
EndGlobal
